
Microsoft Visual Studio Solution File, Format Version 12.00
# Visual Studio Version 17
VisualStudioVersion = 17.11.35327.3
MinimumVisualStudioVersion = 10.0.40219.1
Project("{FAE04EC0-301F-11D3-BF4B-00C04F79EFBC}") = "codeproje1.cs", "codeproje1.cs\codeproje1.cs.csproj", "{44B71DED-9DF9-4956-BD0A-176ABC6545E5}"
EndProject
Global
	GlobalSection(SolutionConfigurationPlatforms) = preSolution
		Debug|Any CPU = Debug|Any CPU
		Release|Any CPU = Release|Any CPU
	EndGlobalSection
	GlobalSection(ProjectConfigurationPlatforms) = postSolution
		{44B71DED-9DF9-4956-BD0A-176ABC6545E5}.Debug|Any CPU.ActiveCfg = Debug|Any CPU
		{44B71DED-9DF9-4956-BD0A-176ABC6545E5}.Debug|Any CPU.Build.0 = Debug|Any CPU
		{44B71DED-9DF9-4956-BD0A-176ABC6545E5}.Release|Any CPU.ActiveCfg = Release|Any CPU
		{44B71DED-9DF9-4956-BD0A-176ABC6545E5}.Release|Any CPU.Build.0 = Release|Any CPU
	EndGlobalSection
	GlobalSection(SolutionProperties) = preSolution
		HideSolutionNode = FALSE
	EndGlobalSection
	GlobalSection(ExtensibilityGlobals) = postSolution
		SolutionGuid = {0AB9A0B9-D793-40C1-B1EA-923F4BF1475B}
	EndGlobalSection
EndGlobal
